
Microsoft Visual Studio Solution File, Format Version 12.00
# Visual Studio Version 17
VisualStudioVersion = 17.5.33516.290
MinimumVisualStudioVersion = 10.0.40219.1
Project("{FAE04EC0-301F-11D3-BF4B-00C04F79EFBC}") = "TestBackend.MODEL", "TestBackend.MODEL\TestBackend.MODEL.csproj", "{4B74A9EF-1BEB-41F9-9F8D-4360FCC82AA9}"
EndProject
Project("{FAE04EC0-301F-11D3-BF4B-00C04F79EFBC}") = "TestBackend.CONTEXT", "TestBackend.CONTEXT\TestBackend.CONTEXT.csproj", "{CD6A7DBC-2FD3-44EF-BC39-31A29C043650}"
EndProject
Project("{FAE04EC0-301F-11D3-BF4B-00C04F79EFBC}") = "TestBackend.APP", "TestBackend.APP\TestBackend.APP.csproj", "{FEB4C58A-2F21-413C-92F4-266EF01F097A}"
EndProject
Project("{FAE04EC0-301F-11D3-BF4B-00C04F79EFBC}") = "TestBackend.API", "TestBackend.API\TestBackend.API.csproj", "{1D9A9F27-DAD0-498F-AA5C-19B75B2C2CB2}"
EndProject
Global
	GlobalSection(SolutionConfigurationPlatforms) = preSolution
		Debug|Any CPU = Debug|Any CPU
		Release|Any CPU = Release|Any CPU
	EndGlobalSection
	GlobalSection(ProjectConfigurationPlatforms) = postSolution
		{4B74A9EF-1BEB-41F9-9F8D-4360FCC82AA9}.Debug|Any CPU.ActiveCfg = Debug|Any CPU
		{4B74A9EF-1BEB-41F9-9F8D-4360FCC82AA9}.Debug|Any CPU.Build.0 = Debug|Any CPU
		{4B74A9EF-1BEB-41F9-9F8D-4360FCC82AA9}.Release|Any CPU.ActiveCfg = Release|Any CPU
		{4B74A9EF-1BEB-41F9-9F8D-4360FCC82AA9}.Release|Any CPU.Build.0 = Release|Any CPU
		{CD6A7DBC-2FD3-44EF-BC39-31A29C043650}.Debug|Any CPU.ActiveCfg = Debug|Any CPU
		{CD6A7DBC-2FD3-44EF-BC39-31A29C043650}.Debug|Any CPU.Build.0 = Debug|Any CPU
		{CD6A7DBC-2FD3-44EF-BC39-31A29C043650}.Release|Any CPU.ActiveCfg = Release|Any CPU
		{CD6A7DBC-2FD3-44EF-BC39-31A29C043650}.Release|Any CPU.Build.0 = Release|Any CPU
		{FEB4C58A-2F21-413C-92F4-266EF01F097A}.Debug|Any CPU.ActiveCfg = Debug|Any CPU
		{FEB4C58A-2F21-413C-92F4-266EF01F097A}.Debug|Any CPU.Build.0 = Debug|Any CPU
		{FEB4C58A-2F21-413C-92F4-266EF01F097A}.Release|Any CPU.ActiveCfg = Release|Any CPU
		{FEB4C58A-2F21-413C-92F4-266EF01F097A}.Release|Any CPU.Build.0 = Release|Any CPU
		{1D9A9F27-DAD0-498F-AA5C-19B75B2C2CB2}.Debug|Any CPU.ActiveCfg = Debug|Any CPU
		{1D9A9F27-DAD0-498F-AA5C-19B75B2C2CB2}.Debug|Any CPU.Build.0 = Debug|Any CPU
		{1D9A9F27-DAD0-498F-AA5C-19B75B2C2CB2}.Release|Any CPU.ActiveCfg = Release|Any CPU
		{1D9A9F27-DAD0-498F-AA5C-19B75B2C2CB2}.Release|Any CPU.Build.0 = Release|Any CPU
	EndGlobalSection
	GlobalSection(SolutionProperties) = preSolution
		HideSolutionNode = FALSE
	EndGlobalSection
	GlobalSection(ExtensibilityGlobals) = postSolution
		SolutionGuid = {A9CB8F8E-3159-46E9-A813-929486455147}
	EndGlobalSection
EndGlobal
